
Microsoft Visual Studio Solution File, Format Version 12.00
# Visual Studio 15
VisualStudioVersion = 15.0.26430.13
MinimumVisualStudioVersion = 10.0.40219.1
Project("{FAE04EC0-301F-11D3-BF4B-00C04F79EFBC}") = "W01T02_Layouts", "W01T02_Layouts\W01T02_Layouts\W01T02_Layouts.csproj", "{E755B4CD-B4B4-4A06-A7E3-E2EE79E5C8C6}"
EndProject
Project("{FAE04EC0-301F-11D3-BF4B-00C04F79EFBC}") = "W01T02_Layouts.Android", "W01T02_Layouts\W01T02_Layouts.Android\W01T02_Layouts.Android.csproj", "{C7272BA7-A6C0-4CC4-88A2-B8AADCE11675}"
EndProject
Project("{FAE04EC0-301F-11D3-BF4B-00C04F79EFBC}") = "W01T02_Layouts.iOS", "W01T02_Layouts\W01T02_Layouts.iOS\W01T02_Layouts.iOS.csproj", "{823BA0D5-455C-4BCD-94E8-F9CD90EA2106}"
EndProject
Project("{FAE04EC0-301F-11D3-BF4B-00C04F79EFBC}") = "W01T02_Layouts.UWP", "W01T02_Layouts\W01T02_Layouts.UWP\W01T02_Layouts.UWP.csproj", "{2EA54048-899C-47BB-BDFB-97842D9906BA}"
EndProject
Global
	GlobalSection(SolutionConfigurationPlatforms) = preSolution
		Debug|Any CPU = Debug|Any CPU
		Debug|ARM = Debug|ARM
		Debug|iPhone = Debug|iPhone
		Debug|iPhoneSimulator = Debug|iPhoneSimulator
		Debug|x64 = Debug|x64
		Debug|x86 = Debug|x86
		Release|Any CPU = Release|Any CPU
		Release|ARM = Release|ARM
		Release|iPhone = Release|iPhone
		Release|iPhoneSimulator = Release|iPhoneSimulator
		Release|x64 = Release|x64
		Release|x86 = Release|x86
	EndGlobalSection
	GlobalSection(ProjectConfigurationPlatforms) = postSolution
		{E755B4CD-B4B4-4A06-A7E3-E2EE79E5C8C6}.Debug|Any CPU.ActiveCfg = Debug|Any CPU
		{E755B4CD-B4B4-4A06-A7E3-E2EE79E5C8C6}.Debug|Any CPU.Build.0 = Debug|Any CPU
		{E755B4CD-B4B4-4A06-A7E3-E2EE79E5C8C6}.Debug|ARM.ActiveCfg = Debug|Any CPU
		{E755B4CD-B4B4-4A06-A7E3-E2EE79E5C8C6}.Debug|ARM.Build.0 = Debug|Any CPU
		{E755B4CD-B4B4-4A06-A7E3-E2EE79E5C8C6}.Debug|iPhone.ActiveCfg = Debug|Any CPU
		{E755B4CD-B4B4-4A06-A7E3-E2EE79E5C8C6}.Debug|iPhone.Build.0 = Debug|Any CPU
		{E755B4CD-B4B4-4A06-A7E3-E2EE79E5C8C6}.Debug|iPhoneSimulator.ActiveCfg = Debug|Any CPU
		{E755B4CD-B4B4-4A06-A7E3-E2EE79E5C8C6}.Debug|iPhoneSimulator.Build.0 = Debug|Any CPU
		{E755B4CD-B4B4-4A06-A7E3-E2EE79E5C8C6}.Debug|x64.ActiveCfg = Debug|Any CPU
		{E755B4CD-B4B4-4A06-A7E3-E2EE79E5C8C6}.Debug|x64.Build.0 = Debug|Any CPU
		{E755B4CD-B4B4-4A06-A7E3-E2EE79E5C8C6}.Debug|x86.ActiveCfg = Debug|Any CPU
		{E755B4CD-B4B4-4A06-A7E3-E2EE79E5C8C6}.Debug|x86.Build.0 = Debug|Any CPU
		{E755B4CD-B4B4-4A06-A7E3-E2EE79E5C8C6}.Release|Any CPU.ActiveCfg = Release|Any CPU
		{E755B4CD-B4B4-4A06-A7E3-E2EE79E5C8C6}.Release|Any CPU.Build.0 = Release|Any CPU
		{E755B4CD-B4B4-4A06-A7E3-E2EE79E5C8C6}.Release|ARM.ActiveCfg = Release|Any CPU
		{E755B4CD-B4B4-4A06-A7E3-E2EE79E5C8C6}.Release|ARM.Build.0 = Release|Any CPU
		{E755B4CD-B4B4-4A06-A7E3-E2EE79E5C8C6}.Release|iPhone.ActiveCfg = Release|Any CPU
		{E755B4CD-B4B4-4A06-A7E3-E2EE79E5C8C6}.Release|iPhone.Build.0 = Release|Any CPU
		{E755B4CD-B4B4-4A06-A7E3-E2EE79E5C8C6}.Release|iPhoneSimulator.ActiveCfg = Release|Any CPU
		{E755B4CD-B4B4-4A06-A7E3-E2EE79E5C8C6}.Release|iPhoneSimulator.Build.0 = Release|Any CPU
		{E755B4CD-B4B4-4A06-A7E3-E2EE79E5C8C6}.Release|x64.ActiveCfg = Release|Any CPU
		{E755B4CD-B4B4-4A06-A7E3-E2EE79E5C8C6}.Release|x64.Build.0 = Release|Any CPU
		{E755B4CD-B4B4-4A06-A7E3-E2EE79E5C8C6}.Release|x86.ActiveCfg = Release|Any CPU
		{E755B4CD-B4B4-4A06-A7E3-E2EE79E5C8C6}.Release|x86.Build.0 = Release|Any CPU
		{C7272BA7-A6C0-4CC4-88A2-B8AADCE11675}.Debug|Any CPU.ActiveCfg = Debug|Any CPU
		{C7272BA7-A6C0-4CC4-88A2-B8AADCE11675}.Debug|Any CPU.Build.0 = Debug|Any CPU
		{C7272BA7-A6C0-4CC4-88A2-B8AADCE11675}.Debug|Any CPU.Deploy.0 = Debug|Any CPU
		{C7272BA7-A6C0-4CC4-88A2-B8AADCE11675}.Debug|ARM.ActiveCfg = Debug|Any CPU
		{C7272BA7-A6C0-4CC4-88A2-B8AADCE11675}.Debug|ARM.Build.0 = Debug|Any CPU
		{C7272BA7-A6C0-4CC4-88A2-B8AADCE11675}.Debug|ARM.Deploy.0 = Debug|Any CPU
		{C7272BA7-A6C0-4CC4-88A2-B8AADCE11675}.Debug|iPhone.ActiveCfg = Debug|Any CPU
		{C7272BA7-A6C0-4CC4-88A2-B8AADCE11675}.Debug|iPhone.Build.0 = Debug|Any CPU
		{C7272BA7-A6C0-4CC4-88A2-B8AADCE11675}.Debug|iPhone.Deploy.0 = Debug|Any CPU
		{C7272BA7-A6C0-4CC4-88A2-B8AADCE11675}.Debug|iPhoneSimulator.ActiveCfg = Debug|Any CPU
		{C7272BA7-A6C0-4CC4-88A2-B8AADCE11675}.Debug|iPhoneSimulator.Build.0 = Debug|Any CPU
		{C7272BA7-A6C0-4CC4-88A2-B8AADCE11675}.Debug|iPhoneSimulator.Deploy.0 = Debug|Any CPU
		{C7272BA7-A6C0-4CC4-88A2-B8AADCE11675}.Debug|x64.ActiveCfg = Debug|Any CPU
		{C7272BA7-A6C0-4CC4-88A2-B8AADCE11675}.Debug|x64.Build.0 = Debug|Any CPU
		{C7272BA7-A6C0-4CC4-88A2-B8AADCE11675}.Debug|x64.Deploy.0 = Debug|Any CPU
		{C7272BA7-A6C0-4CC4-88A2-B8AADCE11675}.Debug|x86.ActiveCfg = Debug|Any CPU
		{C7272BA7-A6C0-4CC4-88A2-B8AADCE11675}.Debug|x86.Build.0 = Debug|Any CPU
		{C7272BA7-A6C0-4CC4-88A2-B8AADCE11675}.Debug|x86.Deploy.0 = Debug|Any CPU
		{C7272BA7-A6C0-4CC4-88A2-B8AADCE11675}.Release|Any CPU.ActiveCfg = Release|Any CPU
		{C7272BA7-A6C0-4CC4-88A2-B8AADCE11675}.Release|Any CPU.Build.0 = Release|Any CPU
		{C7272BA7-A6C0-4CC4-88A2-B8AADCE11675}.Release|Any CPU.Deploy.0 = Release|Any CPU
		{C7272BA7-A6C0-4CC4-88A2-B8AADCE11675}.Release|ARM.ActiveCfg = Release|Any CPU
		{C7272BA7-A6C0-4CC4-88A2-B8AADCE11675}.Release|ARM.Build.0 = Release|Any CPU
		{C7272BA7-A6C0-4CC4-88A2-B8AADCE11675}.Release|ARM.Deploy.0 = Release|Any CPU
		{C7272BA7-A6C0-4CC4-88A2-B8AADCE11675}.Release|iPhone.ActiveCfg = Release|Any CPU
		{C7272BA7-A6C0-4CC4-88A2-B8AADCE11675}.Release|iPhone.Build.0 = Release|Any CPU
		{C7272BA7-A6C0-4CC4-88A2-B8AADCE11675}.Release|iPhone.Deploy.0 = Release|Any CPU
		{C7272BA7-A6C0-4CC4-88A2-B8AADCE11675}.Release|iPhoneSimulator.ActiveCfg = Release|Any CPU
		{C7272BA7-A6C0-4CC4-88A2-B8AADCE11675}.Release|iPhoneSimulator.Build.0 = Release|Any CPU
		{C7272BA7-A6C0-4CC4-88A2-B8AADCE11675}.Release|iPhoneSimulator.Deploy.0 = Release|Any CPU
		{C7272BA7-A6C0-4CC4-88A2-B8AADCE11675}.Release|x64.ActiveCfg = Release|Any CPU
		{C7272BA7-A6C0-4CC4-88A2-B8AADCE11675}.Release|x64.Build.0 = Release|Any CPU
		{C7272BA7-A6C0-4CC4-88A2-B8AADCE11675}.Release|x64.Deploy.0 = Release|Any CPU
		{C7272BA7-A6C0-4CC4-88A2-B8AADCE11675}.Release|x86.ActiveCfg = Release|Any CPU
		{C7272BA7-A6C0-4CC4-88A2-B8AADCE11675}.Release|x86.Build.0 = Release|Any CPU
		{C7272BA7-A6C0-4CC4-88A2-B8AADCE11675}.Release|x86.Deploy.0 = Release|Any CPU
		{823BA0D5-455C-4BCD-94E8-F9CD90EA2106}.Debug|Any CPU.ActiveCfg = Debug|iPhone
		{823BA0D5-455C-4BCD-94E8-F9CD90EA2106}.Debug|ARM.ActiveCfg = Debug|iPhone
		{823BA0D5-455C-4BCD-94E8-F9CD90EA2106}.Debug|iPhone.ActiveCfg = Debug|iPhone
		{823BA0D5-455C-4BCD-94E8-F9CD90EA2106}.Debug|iPhone.Build.0 = Debug|iPhone
		{823BA0D5-455C-4BCD-94E8-F9CD90EA2106}.Debug|iPhoneSimulator.ActiveCfg = Debug|iPhoneSimulator
		{823BA0D5-455C-4BCD-94E8-F9CD90EA2106}.Debug|iPhoneSimulator.Build.0 = Debug|iPhoneSimulator
		{823BA0D5-455C-4BCD-94E8-F9CD90EA2106}.Debug|x64.ActiveCfg = Debug|iPhone
		{823BA0D5-455C-4BCD-94E8-F9CD90EA2106}.Debug|x86.ActiveCfg = Debug|iPhone
		{823BA0D5-455C-4BCD-94E8-F9CD90EA2106}.Release|Any CPU.ActiveCfg = Release|iPhone
		{823BA0D5-455C-4BCD-94E8-F9CD90EA2106}.Release|ARM.ActiveCfg = Release|iPhone
		{823BA0D5-455C-4BCD-94E8-F9CD90EA2106}.Release|iPhone.ActiveCfg = Release|iPhone
		{823BA0D5-455C-4BCD-94E8-F9CD90EA2106}.Release|iPhone.Build.0 = Release|iPhone
		{823BA0D5-455C-4BCD-94E8-F9CD90EA2106}.Release|iPhoneSimulator.ActiveCfg = Release|iPhoneSimulator
		{823BA0D5-455C-4BCD-94E8-F9CD90EA2106}.Release|iPhoneSimulator.Build.0 = Release|iPhoneSimulator
		{823BA0D5-455C-4BCD-94E8-F9CD90EA2106}.Release|x64.ActiveCfg = Release|iPhone
		{823BA0D5-455C-4BCD-94E8-F9CD90EA2106}.Release|x86.ActiveCfg = Release|iPhone
		{2EA54048-899C-47BB-BDFB-97842D9906BA}.Debug|Any CPU.ActiveCfg = Debug|x86
		{2EA54048-899C-47BB-BDFB-97842D9906BA}.Debug|ARM.ActiveCfg = Debug|ARM
		{2EA54048-899C-47BB-BDFB-97842D9906BA}.Debug|ARM.Build.0 = Debug|ARM
		{2EA54048-899C-47BB-BDFB-97842D9906BA}.Debug|ARM.Deploy.0 = Debug|ARM
		{2EA54048-899C-47BB-BDFB-97842D9906BA}.Debug|iPhone.ActiveCfg = Debug|x86
		{2EA54048-899C-47BB-BDFB-97842D9906BA}.Debug|iPhoneSimulator.ActiveCfg = Debug|x86
		{2EA54048-899C-47BB-BDFB-97842D9906BA}.Debug|x64.ActiveCfg = Debug|x64
		{2EA54048-899C-47BB-BDFB-97842D9906BA}.Debug|x64.Build.0 = Debug|x64
		{2EA54048-899C-47BB-BDFB-97842D9906BA}.Debug|x64.Deploy.0 = Debug|x64
		{2EA54048-899C-47BB-BDFB-97842D9906BA}.Debug|x86.ActiveCfg = Debug|x86
		{2EA54048-899C-47BB-BDFB-97842D9906BA}.Debug|x86.Build.0 = Debug|x86
		{2EA54048-899C-47BB-BDFB-97842D9906BA}.Debug|x86.Deploy.0 = Debug|x86
		{2EA54048-899C-47BB-BDFB-97842D9906BA}.Release|Any CPU.ActiveCfg = Release|x86
		{2EA54048-899C-47BB-BDFB-97842D9906BA}.Release|ARM.ActiveCfg = Release|ARM
		{2EA54048-899C-47BB-BDFB-97842D9906BA}.Release|ARM.Build.0 = Release|ARM
		{2EA54048-899C-47BB-BDFB-97842D9906BA}.Release|ARM.Deploy.0 = Release|ARM
		{2EA54048-899C-47BB-BDFB-97842D9906BA}.Release|iPhone.ActiveCfg = Release|x86
		{2EA54048-899C-47BB-BDFB-97842D9906BA}.Release|iPhoneSimulator.ActiveCfg = Release|x86
		{2EA54048-899C-47BB-BDFB-97842D9906BA}.Release|x64.ActiveCfg = Release|x64
		{2EA54048-899C-47BB-BDFB-97842D9906BA}.Release|x64.Build.0 = Release|x64
		{2EA54048-899C-47BB-BDFB-97842D9906BA}.Release|x64.Deploy.0 = Release|x64
		{2EA54048-899C-47BB-BDFB-97842D9906BA}.Release|x86.ActiveCfg = Release|x86
		{2EA54048-899C-47BB-BDFB-97842D9906BA}.Release|x86.Build.0 = Release|x86
		{2EA54048-899C-47BB-BDFB-97842D9906BA}.Release|x86.Deploy.0 = Release|x86
	EndGlobalSection
	GlobalSection(SolutionProperties) = preSolution
		HideSolutionNode = FALSE
	EndGlobalSection
EndGlobal
