
Microsoft Visual Studio Solution File, Format Version 12.00
# Visual Studio 14
VisualStudioVersion = 14.0.25420.1
MinimumVisualStudioVersion = 10.0.40219.1
Project("{FAE04EC0-301F-11D3-BF4B-00C04F79EFBC}") = "W03T01.DataBinding.Android", "W03T01.DataBinding\W03T01.DataBinding.Android\W03T01.DataBinding.Android.csproj", "{7F88E254-F0C9-47E8-92E5-7D2292AD753D}"
EndProject
Project("{FAE04EC0-301F-11D3-BF4B-00C04F79EFBC}") = "W03T01.DataBinding", "W03T01.DataBinding\W03T01.DataBinding\W03T01.DataBinding.csproj", "{33855197-6EF6-4B35-B8F0-7B6E237DFA1A}"
EndProject
Project("{FAE04EC0-301F-11D3-BF4B-00C04F79EFBC}") = "W03T01.DataBinding.iOS", "W03T01.DataBinding\W03T01.DataBinding.iOS\W03T01.DataBinding.iOS.csproj", "{B873A1D7-07FC-4CC7-9571-14F4E1AE8C56}"
EndProject
Global
	GlobalSection(SolutionConfigurationPlatforms) = preSolution
		Ad-Hoc|Any CPU = Ad-Hoc|Any CPU
		Ad-Hoc|ARM = Ad-Hoc|ARM
		Ad-Hoc|iPhone = Ad-Hoc|iPhone
		Ad-Hoc|iPhoneSimulator = Ad-Hoc|iPhoneSimulator
		Ad-Hoc|x64 = Ad-Hoc|x64
		Ad-Hoc|x86 = Ad-Hoc|x86
		AppStore|Any CPU = AppStore|Any CPU
		AppStore|ARM = AppStore|ARM
		AppStore|iPhone = AppStore|iPhone
		AppStore|iPhoneSimulator = AppStore|iPhoneSimulator
		AppStore|x64 = AppStore|x64
		AppStore|x86 = AppStore|x86
		Debug|Any CPU = Debug|Any CPU
		Debug|ARM = Debug|ARM
		Debug|iPhone = Debug|iPhone
		Debug|iPhoneSimulator = Debug|iPhoneSimulator
		Debug|x64 = Debug|x64
		Debug|x86 = Debug|x86
		Release|Any CPU = Release|Any CPU
		Release|ARM = Release|ARM
		Release|iPhone = Release|iPhone
		Release|iPhoneSimulator = Release|iPhoneSimulator
		Release|x64 = Release|x64
		Release|x86 = Release|x86
	EndGlobalSection
	GlobalSection(ProjectConfigurationPlatforms) = postSolution
		{7F88E254-F0C9-47E8-92E5-7D2292AD753D}.Ad-Hoc|Any CPU.ActiveCfg = Release|Any CPU
		{7F88E254-F0C9-47E8-92E5-7D2292AD753D}.Ad-Hoc|Any CPU.Build.0 = Release|Any CPU
		{7F88E254-F0C9-47E8-92E5-7D2292AD753D}.Ad-Hoc|Any CPU.Deploy.0 = Release|Any CPU
		{7F88E254-F0C9-47E8-92E5-7D2292AD753D}.Ad-Hoc|ARM.ActiveCfg = Release|Any CPU
		{7F88E254-F0C9-47E8-92E5-7D2292AD753D}.Ad-Hoc|ARM.Build.0 = Release|Any CPU
		{7F88E254-F0C9-47E8-92E5-7D2292AD753D}.Ad-Hoc|ARM.Deploy.0 = Release|Any CPU
		{7F88E254-F0C9-47E8-92E5-7D2292AD753D}.Ad-Hoc|iPhone.ActiveCfg = Release|Any CPU
		{7F88E254-F0C9-47E8-92E5-7D2292AD753D}.Ad-Hoc|iPhone.Build.0 = Release|Any CPU
		{7F88E254-F0C9-47E8-92E5-7D2292AD753D}.Ad-Hoc|iPhone.Deploy.0 = Release|Any CPU
		{7F88E254-F0C9-47E8-92E5-7D2292AD753D}.Ad-Hoc|iPhoneSimulator.ActiveCfg = Release|Any CPU
		{7F88E254-F0C9-47E8-92E5-7D2292AD753D}.Ad-Hoc|iPhoneSimulator.Build.0 = Release|Any CPU
		{7F88E254-F0C9-47E8-92E5-7D2292AD753D}.Ad-Hoc|iPhoneSimulator.Deploy.0 = Release|Any CPU
		{7F88E254-F0C9-47E8-92E5-7D2292AD753D}.Ad-Hoc|x64.ActiveCfg = Release|Any CPU
		{7F88E254-F0C9-47E8-92E5-7D2292AD753D}.Ad-Hoc|x64.Build.0 = Release|Any CPU
		{7F88E254-F0C9-47E8-92E5-7D2292AD753D}.Ad-Hoc|x64.Deploy.0 = Release|Any CPU
		{7F88E254-F0C9-47E8-92E5-7D2292AD753D}.Ad-Hoc|x86.ActiveCfg = Release|Any CPU
		{7F88E254-F0C9-47E8-92E5-7D2292AD753D}.Ad-Hoc|x86.Build.0 = Release|Any CPU
		{7F88E254-F0C9-47E8-92E5-7D2292AD753D}.Ad-Hoc|x86.Deploy.0 = Release|Any CPU
		{7F88E254-F0C9-47E8-92E5-7D2292AD753D}.AppStore|Any CPU.ActiveCfg = Release|Any CPU
		{7F88E254-F0C9-47E8-92E5-7D2292AD753D}.AppStore|Any CPU.Build.0 = Release|Any CPU
		{7F88E254-F0C9-47E8-92E5-7D2292AD753D}.AppStore|Any CPU.Deploy.0 = Release|Any CPU
		{7F88E254-F0C9-47E8-92E5-7D2292AD753D}.AppStore|ARM.ActiveCfg = Release|Any CPU
		{7F88E254-F0C9-47E8-92E5-7D2292AD753D}.AppStore|ARM.Build.0 = Release|Any CPU
		{7F88E254-F0C9-47E8-92E5-7D2292AD753D}.AppStore|ARM.Deploy.0 = Release|Any CPU
		{7F88E254-F0C9-47E8-92E5-7D2292AD753D}.AppStore|iPhone.ActiveCfg = Release|Any CPU
		{7F88E254-F0C9-47E8-92E5-7D2292AD753D}.AppStore|iPhone.Build.0 = Release|Any CPU
		{7F88E254-F0C9-47E8-92E5-7D2292AD753D}.AppStore|iPhone.Deploy.0 = Release|Any CPU
		{7F88E254-F0C9-47E8-92E5-7D2292AD753D}.AppStore|iPhoneSimulator.ActiveCfg = Release|Any CPU
		{7F88E254-F0C9-47E8-92E5-7D2292AD753D}.AppStore|iPhoneSimulator.Build.0 = Release|Any CPU
		{7F88E254-F0C9-47E8-92E5-7D2292AD753D}.AppStore|iPhoneSimulator.Deploy.0 = Release|Any CPU
		{7F88E254-F0C9-47E8-92E5-7D2292AD753D}.AppStore|x64.ActiveCfg = Release|Any CPU
		{7F88E254-F0C9-47E8-92E5-7D2292AD753D}.AppStore|x64.Build.0 = Release|Any CPU
		{7F88E254-F0C9-47E8-92E5-7D2292AD753D}.AppStore|x64.Deploy.0 = Release|Any CPU
		{7F88E254-F0C9-47E8-92E5-7D2292AD753D}.AppStore|x86.ActiveCfg = Release|Any CPU
		{7F88E254-F0C9-47E8-92E5-7D2292AD753D}.AppStore|x86.Build.0 = Release|Any CPU
		{7F88E254-F0C9-47E8-92E5-7D2292AD753D}.AppStore|x86.Deploy.0 = Release|Any CPU
		{7F88E254-F0C9-47E8-92E5-7D2292AD753D}.Debug|Any CPU.ActiveCfg = Debug|Any CPU
		{7F88E254-F0C9-47E8-92E5-7D2292AD753D}.Debug|Any CPU.Build.0 = Debug|Any CPU
		{7F88E254-F0C9-47E8-92E5-7D2292AD753D}.Debug|Any CPU.Deploy.0 = Debug|Any CPU
		{7F88E254-F0C9-47E8-92E5-7D2292AD753D}.Debug|ARM.ActiveCfg = Debug|Any CPU
		{7F88E254-F0C9-47E8-92E5-7D2292AD753D}.Debug|ARM.Build.0 = Debug|Any CPU
		{7F88E254-F0C9-47E8-92E5-7D2292AD753D}.Debug|ARM.Deploy.0 = Debug|Any CPU
		{7F88E254-F0C9-47E8-92E5-7D2292AD753D}.Debug|iPhone.ActiveCfg = Debug|Any CPU
		{7F88E254-F0C9-47E8-92E5-7D2292AD753D}.Debug|iPhone.Build.0 = Debug|Any CPU
		{7F88E254-F0C9-47E8-92E5-7D2292AD753D}.Debug|iPhone.Deploy.0 = Debug|Any CPU
		{7F88E254-F0C9-47E8-92E5-7D2292AD753D}.Debug|iPhoneSimulator.ActiveCfg = Debug|Any CPU
		{7F88E254-F0C9-47E8-92E5-7D2292AD753D}.Debug|iPhoneSimulator.Build.0 = Debug|Any CPU
		{7F88E254-F0C9-47E8-92E5-7D2292AD753D}.Debug|iPhoneSimulator.Deploy.0 = Debug|Any CPU
		{7F88E254-F0C9-47E8-92E5-7D2292AD753D}.Debug|x64.ActiveCfg = Debug|Any CPU
		{7F88E254-F0C9-47E8-92E5-7D2292AD753D}.Debug|x64.Build.0 = Debug|Any CPU
		{7F88E254-F0C9-47E8-92E5-7D2292AD753D}.Debug|x64.Deploy.0 = Debug|Any CPU
		{7F88E254-F0C9-47E8-92E5-7D2292AD753D}.Debug|x86.ActiveCfg = Debug|Any CPU
		{7F88E254-F0C9-47E8-92E5-7D2292AD753D}.Debug|x86.Build.0 = Debug|Any CPU
		{7F88E254-F0C9-47E8-92E5-7D2292AD753D}.Debug|x86.Deploy.0 = Debug|Any CPU
		{7F88E254-F0C9-47E8-92E5-7D2292AD753D}.Release|Any CPU.ActiveCfg = Release|Any CPU
		{7F88E254-F0C9-47E8-92E5-7D2292AD753D}.Release|Any CPU.Build.0 = Release|Any CPU
		{7F88E254-F0C9-47E8-92E5-7D2292AD753D}.Release|Any CPU.Deploy.0 = Release|Any CPU
		{7F88E254-F0C9-47E8-92E5-7D2292AD753D}.Release|ARM.ActiveCfg = Release|Any CPU
		{7F88E254-F0C9-47E8-92E5-7D2292AD753D}.Release|ARM.Build.0 = Release|Any CPU
		{7F88E254-F0C9-47E8-92E5-7D2292AD753D}.Release|ARM.Deploy.0 = Release|Any CPU
		{7F88E254-F0C9-47E8-92E5-7D2292AD753D}.Release|iPhone.ActiveCfg = Release|Any CPU
		{7F88E254-F0C9-47E8-92E5-7D2292AD753D}.Release|iPhone.Build.0 = Release|Any CPU
		{7F88E254-F0C9-47E8-92E5-7D2292AD753D}.Release|iPhone.Deploy.0 = Release|Any CPU
		{7F88E254-F0C9-47E8-92E5-7D2292AD753D}.Release|iPhoneSimulator.ActiveCfg = Release|Any CPU
		{7F88E254-F0C9-47E8-92E5-7D2292AD753D}.Release|iPhoneSimulator.Build.0 = Release|Any CPU
		{7F88E254-F0C9-47E8-92E5-7D2292AD753D}.Release|iPhoneSimulator.Deploy.0 = Release|Any CPU
		{7F88E254-F0C9-47E8-92E5-7D2292AD753D}.Release|x64.ActiveCfg = Release|Any CPU
		{7F88E254-F0C9-47E8-92E5-7D2292AD753D}.Release|x64.Build.0 = Release|Any CPU
		{7F88E254-F0C9-47E8-92E5-7D2292AD753D}.Release|x64.Deploy.0 = Release|Any CPU
		{7F88E254-F0C9-47E8-92E5-7D2292AD753D}.Release|x86.ActiveCfg = Release|Any CPU
		{7F88E254-F0C9-47E8-92E5-7D2292AD753D}.Release|x86.Build.0 = Release|Any CPU
		{7F88E254-F0C9-47E8-92E5-7D2292AD753D}.Release|x86.Deploy.0 = Release|Any CPU
		{33855197-6EF6-4B35-B8F0-7B6E237DFA1A}.Ad-Hoc|Any CPU.ActiveCfg = Release|Any CPU
		{33855197-6EF6-4B35-B8F0-7B6E237DFA1A}.Ad-Hoc|Any CPU.Build.0 = Release|Any CPU
		{33855197-6EF6-4B35-B8F0-7B6E237DFA1A}.Ad-Hoc|ARM.ActiveCfg = Release|Any CPU
		{33855197-6EF6-4B35-B8F0-7B6E237DFA1A}.Ad-Hoc|ARM.Build.0 = Release|Any CPU
		{33855197-6EF6-4B35-B8F0-7B6E237DFA1A}.Ad-Hoc|iPhone.ActiveCfg = Release|Any CPU
		{33855197-6EF6-4B35-B8F0-7B6E237DFA1A}.Ad-Hoc|iPhone.Build.0 = Release|Any CPU
		{33855197-6EF6-4B35-B8F0-7B6E237DFA1A}.Ad-Hoc|iPhoneSimulator.ActiveCfg = Release|Any CPU
		{33855197-6EF6-4B35-B8F0-7B6E237DFA1A}.Ad-Hoc|iPhoneSimulator.Build.0 = Release|Any CPU
		{33855197-6EF6-4B35-B8F0-7B6E237DFA1A}.Ad-Hoc|x64.ActiveCfg = Release|Any CPU
		{33855197-6EF6-4B35-B8F0-7B6E237DFA1A}.Ad-Hoc|x64.Build.0 = Release|Any CPU
		{33855197-6EF6-4B35-B8F0-7B6E237DFA1A}.Ad-Hoc|x86.ActiveCfg = Release|Any CPU
		{33855197-6EF6-4B35-B8F0-7B6E237DFA1A}.Ad-Hoc|x86.Build.0 = Release|Any CPU
		{33855197-6EF6-4B35-B8F0-7B6E237DFA1A}.AppStore|Any CPU.ActiveCfg = Release|Any CPU
		{33855197-6EF6-4B35-B8F0-7B6E237DFA1A}.AppStore|Any CPU.Build.0 = Release|Any CPU
		{33855197-6EF6-4B35-B8F0-7B6E237DFA1A}.AppStore|ARM.ActiveCfg = Release|Any CPU
		{33855197-6EF6-4B35-B8F0-7B6E237DFA1A}.AppStore|ARM.Build.0 = Release|Any CPU
		{33855197-6EF6-4B35-B8F0-7B6E237DFA1A}.AppStore|iPhone.ActiveCfg = Release|Any CPU
		{33855197-6EF6-4B35-B8F0-7B6E237DFA1A}.AppStore|iPhone.Build.0 = Release|Any CPU
		{33855197-6EF6-4B35-B8F0-7B6E237DFA1A}.AppStore|iPhoneSimulator.ActiveCfg = Release|Any CPU
		{33855197-6EF6-4B35-B8F0-7B6E237DFA1A}.AppStore|iPhoneSimulator.Build.0 = Release|Any CPU
		{33855197-6EF6-4B35-B8F0-7B6E237DFA1A}.AppStore|x64.ActiveCfg = Release|Any CPU
		{33855197-6EF6-4B35-B8F0-7B6E237DFA1A}.AppStore|x64.Build.0 = Release|Any CPU
		{33855197-6EF6-4B35-B8F0-7B6E237DFA1A}.AppStore|x86.ActiveCfg = Release|Any CPU
		{33855197-6EF6-4B35-B8F0-7B6E237DFA1A}.AppStore|x86.Build.0 = Release|Any CPU
		{33855197-6EF6-4B35-B8F0-7B6E237DFA1A}.Debug|Any CPU.ActiveCfg = Debug|Any CPU
		{33855197-6EF6-4B35-B8F0-7B6E237DFA1A}.Debug|Any CPU.Build.0 = Debug|Any CPU
		{33855197-6EF6-4B35-B8F0-7B6E237DFA1A}.Debug|ARM.ActiveCfg = Debug|Any CPU
		{33855197-6EF6-4B35-B8F0-7B6E237DFA1A}.Debug|ARM.Build.0 = Debug|Any CPU
		{33855197-6EF6-4B35-B8F0-7B6E237DFA1A}.Debug|iPhone.ActiveCfg = Debug|Any CPU
		{33855197-6EF6-4B35-B8F0-7B6E237DFA1A}.Debug|iPhone.Build.0 = Debug|Any CPU
		{33855197-6EF6-4B35-B8F0-7B6E237DFA1A}.Debug|iPhoneSimulator.ActiveCfg = Debug|Any CPU
		{33855197-6EF6-4B35-B8F0-7B6E237DFA1A}.Debug|iPhoneSimulator.Build.0 = Debug|Any CPU
		{33855197-6EF6-4B35-B8F0-7B6E237DFA1A}.Debug|x64.ActiveCfg = Debug|Any CPU
		{33855197-6EF6-4B35-B8F0-7B6E237DFA1A}.Debug|x64.Build.0 = Debug|Any CPU
		{33855197-6EF6-4B35-B8F0-7B6E237DFA1A}.Debug|x86.ActiveCfg = Debug|Any CPU
		{33855197-6EF6-4B35-B8F0-7B6E237DFA1A}.Debug|x86.Build.0 = Debug|Any CPU
		{33855197-6EF6-4B35-B8F0-7B6E237DFA1A}.Release|Any CPU.ActiveCfg = Release|Any CPU
		{33855197-6EF6-4B35-B8F0-7B6E237DFA1A}.Release|Any CPU.Build.0 = Release|Any CPU
		{33855197-6EF6-4B35-B8F0-7B6E237DFA1A}.Release|ARM.ActiveCfg = Release|Any CPU
		{33855197-6EF6-4B35-B8F0-7B6E237DFA1A}.Release|ARM.Build.0 = Release|Any CPU
		{33855197-6EF6-4B35-B8F0-7B6E237DFA1A}.Release|iPhone.ActiveCfg = Release|Any CPU
		{33855197-6EF6-4B35-B8F0-7B6E237DFA1A}.Release|iPhone.Build.0 = Release|Any CPU
		{33855197-6EF6-4B35-B8F0-7B6E237DFA1A}.Release|iPhoneSimulator.ActiveCfg = Release|Any CPU
		{33855197-6EF6-4B35-B8F0-7B6E237DFA1A}.Release|iPhoneSimulator.Build.0 = Release|Any CPU
		{33855197-6EF6-4B35-B8F0-7B6E237DFA1A}.Release|x64.ActiveCfg = Release|Any CPU
		{33855197-6EF6-4B35-B8F0-7B6E237DFA1A}.Release|x64.Build.0 = Release|Any CPU
		{33855197-6EF6-4B35-B8F0-7B6E237DFA1A}.Release|x86.ActiveCfg = Release|Any CPU
		{33855197-6EF6-4B35-B8F0-7B6E237DFA1A}.Release|x86.Build.0 = Release|Any CPU
		{B873A1D7-07FC-4CC7-9571-14F4E1AE8C56}.Ad-Hoc|Any CPU.ActiveCfg = Ad-Hoc|iPhone
		{B873A1D7-07FC-4CC7-9571-14F4E1AE8C56}.Ad-Hoc|ARM.ActiveCfg = Ad-Hoc|iPhone
		{B873A1D7-07FC-4CC7-9571-14F4E1AE8C56}.Ad-Hoc|iPhone.ActiveCfg = Ad-Hoc|iPhone
		{B873A1D7-07FC-4CC7-9571-14F4E1AE8C56}.Ad-Hoc|iPhone.Build.0 = Ad-Hoc|iPhone
		{B873A1D7-07FC-4CC7-9571-14F4E1AE8C56}.Ad-Hoc|iPhoneSimulator.ActiveCfg = Ad-Hoc|iPhoneSimulator
		{B873A1D7-07FC-4CC7-9571-14F4E1AE8C56}.Ad-Hoc|iPhoneSimulator.Build.0 = Ad-Hoc|iPhoneSimulator
		{B873A1D7-07FC-4CC7-9571-14F4E1AE8C56}.Ad-Hoc|x64.ActiveCfg = Ad-Hoc|iPhone
		{B873A1D7-07FC-4CC7-9571-14F4E1AE8C56}.Ad-Hoc|x86.ActiveCfg = Ad-Hoc|iPhone
		{B873A1D7-07FC-4CC7-9571-14F4E1AE8C56}.AppStore|Any CPU.ActiveCfg = AppStore|iPhone
		{B873A1D7-07FC-4CC7-9571-14F4E1AE8C56}.AppStore|ARM.ActiveCfg = AppStore|iPhone
		{B873A1D7-07FC-4CC7-9571-14F4E1AE8C56}.AppStore|iPhone.ActiveCfg = AppStore|iPhone
		{B873A1D7-07FC-4CC7-9571-14F4E1AE8C56}.AppStore|iPhone.Build.0 = AppStore|iPhone
		{B873A1D7-07FC-4CC7-9571-14F4E1AE8C56}.AppStore|iPhoneSimulator.ActiveCfg = AppStore|iPhoneSimulator
		{B873A1D7-07FC-4CC7-9571-14F4E1AE8C56}.AppStore|iPhoneSimulator.Build.0 = AppStore|iPhoneSimulator
		{B873A1D7-07FC-4CC7-9571-14F4E1AE8C56}.AppStore|x64.ActiveCfg = AppStore|iPhone
		{B873A1D7-07FC-4CC7-9571-14F4E1AE8C56}.AppStore|x86.ActiveCfg = AppStore|iPhone
		{B873A1D7-07FC-4CC7-9571-14F4E1AE8C56}.Debug|Any CPU.ActiveCfg = Debug|iPhone
		{B873A1D7-07FC-4CC7-9571-14F4E1AE8C56}.Debug|ARM.ActiveCfg = Debug|iPhone
		{B873A1D7-07FC-4CC7-9571-14F4E1AE8C56}.Debug|iPhone.ActiveCfg = Debug|iPhone
		{B873A1D7-07FC-4CC7-9571-14F4E1AE8C56}.Debug|iPhone.Build.0 = Debug|iPhone
		{B873A1D7-07FC-4CC7-9571-14F4E1AE8C56}.Debug|iPhoneSimulator.ActiveCfg = Debug|iPhoneSimulator
		{B873A1D7-07FC-4CC7-9571-14F4E1AE8C56}.Debug|iPhoneSimulator.Build.0 = Debug|iPhoneSimulator
		{B873A1D7-07FC-4CC7-9571-14F4E1AE8C56}.Debug|x64.ActiveCfg = Debug|iPhone
		{B873A1D7-07FC-4CC7-9571-14F4E1AE8C56}.Debug|x86.ActiveCfg = Debug|iPhone
		{B873A1D7-07FC-4CC7-9571-14F4E1AE8C56}.Release|Any CPU.ActiveCfg = Release|iPhone
		{B873A1D7-07FC-4CC7-9571-14F4E1AE8C56}.Release|ARM.ActiveCfg = Release|iPhone
		{B873A1D7-07FC-4CC7-9571-14F4E1AE8C56}.Release|iPhone.ActiveCfg = Release|iPhone
		{B873A1D7-07FC-4CC7-9571-14F4E1AE8C56}.Release|iPhone.Build.0 = Release|iPhone
		{B873A1D7-07FC-4CC7-9571-14F4E1AE8C56}.Release|iPhoneSimulator.ActiveCfg = Release|iPhoneSimulator
		{B873A1D7-07FC-4CC7-9571-14F4E1AE8C56}.Release|iPhoneSimulator.Build.0 = Release|iPhoneSimulator
		{B873A1D7-07FC-4CC7-9571-14F4E1AE8C56}.Release|x64.ActiveCfg = Release|iPhone
		{B873A1D7-07FC-4CC7-9571-14F4E1AE8C56}.Release|x86.ActiveCfg = Release|iPhone
	EndGlobalSection
	GlobalSection(SolutionProperties) = preSolution
		HideSolutionNode = FALSE
	EndGlobalSection
EndGlobal
